
Microsoft Visual Studio Solution File, Format Version 12.00
# Visual Studio 15
VisualStudioVersion = 15.0.36617.4
MinimumVisualStudioVersion = 10.0.40219.1
Project("{F184B08F-C81C-45F6-A57F-5ABD9991F28F}") = "Repaso2", "Repaso2\Repaso2.vbproj", "{7CB32287-AEE7-4121-ABD0-FEF3838E0D84}"
EndProject
Global
	GlobalSection(SolutionConfigurationPlatforms) = preSolution
		Debug|Any CPU = Debug|Any CPU
		Release|Any CPU = Release|Any CPU
	EndGlobalSection
	GlobalSection(ProjectConfigurationPlatforms) = postSolution
		{7CB32287-AEE7-4121-ABD0-FEF3838E0D84}.Debug|Any CPU.ActiveCfg = Debug|Any CPU
		{7CB32287-AEE7-4121-ABD0-FEF3838E0D84}.Debug|Any CPU.Build.0 = Debug|Any CPU
		{7CB32287-AEE7-4121-ABD0-FEF3838E0D84}.Release|Any CPU.ActiveCfg = Release|Any CPU
		{7CB32287-AEE7-4121-ABD0-FEF3838E0D84}.Release|Any CPU.Build.0 = Release|Any CPU
	EndGlobalSection
	GlobalSection(SolutionProperties) = preSolution
		HideSolutionNode = FALSE
	EndGlobalSection
	GlobalSection(ExtensibilityGlobals) = postSolution
		SolutionGuid = {A85AC98D-8DE5-47F5-9792-AB6F725A1802}
	EndGlobalSection
EndGlobal
